
Microsoft Visual Studio Solution File, Format Version 12.00
# Visual Studio Version 17
VisualStudioVersion = 17.14.36623.8 d17.14
MinimumVisualStudioVersion = 10.0.40219.1
Project("{FAE04EC0-301F-11D3-BF4B-00C04F79EFBC}") = "Bounty Runner", "Bounty Runner.csproj", "{DFD4495B-1C82-458D-8B41-FB72E8AEEF47}"
EndProject
Global
	GlobalSection(SolutionConfigurationPlatforms) = preSolution
		Debug|Any CPU = Debug|Any CPU
		Release|Any CPU = Release|Any CPU
	EndGlobalSection
	GlobalSection(ProjectConfigurationPlatforms) = postSolution
		{DFD4495B-1C82-458D-8B41-FB72E8AEEF47}.Debug|Any CPU.ActiveCfg = Debug|Any CPU
		{DFD4495B-1C82-458D-8B41-FB72E8AEEF47}.Debug|Any CPU.Build.0 = Debug|Any CPU
		{DFD4495B-1C82-458D-8B41-FB72E8AEEF47}.Release|Any CPU.ActiveCfg = Release|Any CPU
		{DFD4495B-1C82-458D-8B41-FB72E8AEEF47}.Release|Any CPU.Build.0 = Release|Any CPU
	EndGlobalSection
	GlobalSection(SolutionProperties) = preSolution
		HideSolutionNode = FALSE
	EndGlobalSection
	GlobalSection(ExtensibilityGlobals) = postSolution
		SolutionGuid = {A154B555-1E6B-4DB7-B8DC-1812128C7FAB}
	EndGlobalSection
EndGlobal
